// !$*UTF8*$!
{
	archiveVersion = 1;
	classes = {
	};
	objectVersion = 46;
	objects = {

/* Begin PBXBuildFile section */
		805BB1351CF5ABD300E629BF /* AppDelegate.swift in Sources */ = {isa = PBXBuildFile; fileRef = 805BB1341CF5ABD300E629BF /* AppDelegate.swift */; };
		805BB1371CF5ABD300E629BF /* ViewController.swift in Sources */ = {isa = PBXBuildFile; fileRef = 805BB1361CF5ABD300E629BF /* ViewController.swift */; };
		805BB13A1CF5ABD300E629BF /* Main.storyboard in Resources */ = {isa = PBXBuildFile; fileRef = 805BB1381CF5ABD300E629BF /* Main.storyboard */; };
		805BB13C1CF5ABD300E629BF /* Assets.xcassets in Resources */ = {isa = PBXBuildFile; fileRef = 805BB13B1CF5ABD300E629BF /* Assets.xcassets */; };
		805BB13F1CF5ABD300E629BF /* LaunchScreen.storyboard in Resources */ = {isa = PBXBuildFile; fileRef = 805BB13D1CF5ABD300E629BF /* LaunchScreen.storyboard */; };
/* End PBXBuildFile section */

/* Begin PBXFileReference section */
		805BB1311CF5ABD200E629BF /* Shopping.app */ = {isa = PBXFileReference; explicitFileType = wrapper.application; includeInIndex = 0; path = Shopping.app; sourceTree = BUILT_PRODUCTS_DIR; };
		805BB1341CF5ABD300E629BF /* AppDelegate.swift */ = {isa = PBXFileReference; lastKnownFileType = sourcecode.swift; path = AppDelegate.swift; sourceTree = "<group>"; };
		805BB1361CF5ABD300E629BF /* ViewController.swift */ = {isa = PBXFileReference; lastKnownFileType = sourcecode.swift; path = ViewController.swift; sourceTree = "<group>"; };
		805BB1391CF5ABD300E629BF /* Base */ = {isa = PBXFileReference; lastKnownFileType = file.storyboard; name = Base; path = Base.lproj/Main.storyboard; sourceTree = "<group>"; };
		805BB13B1CF5ABD300E629BF /* Assets.xcassets */ = {isa = PBXFileReference; lastKnownFileType = folder.assetcatalog; path = Assets.xcassets; sourceTree = "<group>"; };
		805BB13E1CF5ABD300E629BF /* Base */ = {isa = PBXFileReference; lastKnownFileType = file.storyboard; name = Base; path = Base.lproj/LaunchScreen.storyboard; sourceTree = "<group>"; };
		805BB1401CF5ABD300E629BF /* Info.plist */ = {isa = PBXFileReference; lastKnownFileType = text.plist.xml; path = Info.plist; sourceTree = "<group>"; };
/* End PBXFileReference section */

/* Begin PBXFrameworksBuildPhase section */
		805BB12E1CF5ABD200E629BF /* Frameworks */ = {
			isa = PBXFrameworksBuildPhase;
			buildActionMask = 2147483647;
			files = (
			);
			runOnlyForDeploymentPostprocessing = 0;
		};
/* End PBXFrameworksBuildPhase section */

/* Begin PBXGroup section */
		805BB1281CF5ABD200E629BF = {
			isa = PBXGroup;
			children = (
				805BB1331CF5ABD200E629BF /* Shopping */,
				805BB1321CF5ABD200E629BF /* Products */,
			);
			sourceTree = "<group>";
		};
		805BB1321CF5ABD200E629BF /* Products */ = {
			isa = PBXGroup;
			children = (
				805BB1311CF5ABD200E629BF /* Shopping.app */,
			);
			name = Products;
			sourceTree = "<group>";
		};
		805BB1331CF5ABD200E629BF /* Shopping */ = {
			isa = PBXGroup;
			children = (
				805BB1341CF5ABD300E629BF /* AppDelegate.swift */,
				805BB1361CF5ABD300E629BF /* ViewController.swift */,
				805BB1381CF5ABD300E629BF /* Main.storyboard */,
				805BB13B1CF5ABD300E629BF /* Assets.xcassets */,
				805BB13D1CF5ABD300E629BF /* LaunchScreen.storyboard */,
				805BB1401CF5ABD300E629BF /* Info.plist */,
			);
			path = Shopping;
			sourceTree = "<group>";
		};
/* End PBXGroup section */

/* Begin PBXNativeTarget section */
		805BB1301CF5ABD200E629BF /* Shopping */ = {
			isa = PBXNativeTarget;
			buildConfigurationList = 805BB1431CF5ABD300E629BF /* Build configuration list for PBXNativeTarget "Shopping" */;
			buildPhases = (
				805BB12D1CF5ABD200E629BF /* Sources */,
				805BB12E1CF5ABD200E629BF /* Frameworks */,
				805BB12F1CF5ABD200E629BF /* Resources */,
			);
			buildRules = (
			);
			dependencies = (
			);
			name = Shopping;
			productName = Shopping;
			productReference = 805BB1311CF5ABD200E629BF /* Shopping.app */;
			productType = "com.apple.product-type.application";
		};
/* End PBXNativeTarget section */

/* Begin PBXProject section */
		805BB1291CF5ABD200E629BF /* Project object */ = {
			isa = PBXProject;
			attributes = {
				LastSwiftUpdateCheck = 0730;
				LastUpgradeCheck = 0730;
				ORGANIZATIONNAME = "Zhifeng Han";
				TargetAttributes = {
					805BB1301CF5ABD200E629BF = {
						CreatedOnToolsVersion = 7.3.1;
						DevelopmentTeam = 3B8CFR55LV;
					};
				};
			};
			buildConfigurationList = 805BB12C1CF5ABD200E629BF /* Build configuration list for PBXProject "Shopping" */;
			compatibilityVersion = "Xcode 3.2";
			developmentRegion = English;
			hasScannedForEncodings = 0;
			knownRegions = (
				en,
				Base,
			);
			mainGroup = 805BB1281CF5ABD200E629BF;
			productRefGroup = 805BB1321CF5ABD200E629BF /* Products */;
			projectDirPath = "";
			projectRoot = "";
			targets = (
				805BB1301CF5ABD200E629BF /* Shopping */,
			);
		};
/* End PBXProject section */

/* Begin PBXResourcesBuildPhase section */
		805BB12F1CF5ABD200E629BF /* Resources */ = {
			isa = PBXResourcesBuildPhase;
			buildActionMask = 2147483647;
			files = (
				805BB13F1CF5ABD300E629BF /* LaunchScreen.storyboard in Resources */,
				805BB13C1CF5ABD300E629BF /* Assets.xcassets in Resources */,
				805BB13A1CF5ABD300E629BF /* Main.storyboard in Resources */,
			);
			runOnlyForDeploymentPostprocessing = 0;
		};
/* End PBXResourcesBuildPhase section */

/* Begin PBXSourcesBuildPhase section */
		805BB12D1CF5ABD200E629BF /* Sources */ = {
			isa = PBXSourcesBuildPhase;
			buildActionMask = 2147483647;
			files = (
				805BB1371CF5ABD300E629BF /* ViewController.swift in Sources */,
				805BB1351CF5ABD300E629BF /* AppDelegate.swift in Sources */,
			);
			runOnlyForDeploymentPostprocessing = 0;
		};
/* End PBXSourcesBuildPhase section */

/* Begin PBXVariantGroup section */
		805BB1381CF5ABD300E629BF /* Main.storyboard */ = {
			isa = PBXVariantGroup;
			children = (
				805BB1391CF5ABD300E629BF /* Base */,
			);
			name = Main.storyboard;
			sourceTree = "<group>";
		};
		805BB13D1CF5ABD300E629BF /* LaunchScreen.storyboard */ = {
			isa = PBXVariantGroup;
			children = (
				805BB13E1CF5ABD300E629BF /* Base */,
			);
			name = LaunchScreen.storyboard;
			sourceTree = "<group>";
		};
/* End PBXVariantGroup section */

/* Begin XCBuildConfiguration section */
		805BB1411CF5ABD300E629BF /* Debug */ = {
			isa = XCBuildConfiguration;
			buildSettings = {
				ALWAYS_SEARCH_USER_PATHS = NO;
				CLANG_ANALYZER_NONNULL = YES;
				CLANG_CXX_LANGUAGE_STANDARD = "gnu++0x";
				CLANG_CXX_LIBRARY = "libc++";
				CLANG_ENABLE_MODULES = YES;
				CLANG_ENABLE_OBJC_ARC = YES;
				CLANG_WARN_BOOL_CONVERSION = YES;
				CLANG_WARN_CONSTANT_CONVERSION = YES;
				CLANG_WARN_DIRECT_OBJC_ISA_USAGE = YES_ERROR;
				CLANG_WARN_EMPTY_BODY = YES;
				CLANG_WARN_ENUM_CONVERSION = YES;
				CLANG_WARN_INT_CONVERSION = YES;
				CLANG_WARN_OBJC_ROOT_CLASS = YES_ERROR;
				CLANG_WARN_UNREACHABLE_CODE = YES;
				CLANG_WARN__DUPLICATE_METHOD_MATCH = YES;
				"CODE_SIGN_IDENTITY[sdk=iphoneos*]" = "iPhone Developer";
				COPY_PHASE_STRIP = NO;
				DEBUG_INFORMATION_FORMAT = dwarf;
				ENABLE_STRICT_OBJC_MSGSEND = YES;
				ENABLE_TESTABILITY = YES;
				GCC_C_LANGUAGE_STANDARD = gnu99;
				GCC_DYNAMIC_NO_PIC = NO;
				GCC_NO_COMMON_BLOCKS = YES;
				GCC_OPTIMIZATION_LEVEL = 0;
				GCC_PREPROCESSOR_DEFINITIONS = (
					"DEBUG=1",
					"$(inherited)",
				);
				GCC_WARN_64_TO_32_BIT_CONVERSION = YES;
				GCC_WARN_ABOUT_RETURN_TYPE = YES_ERROR;
				GCC_WARN_UNDECLARED_SELECTOR = YES;
				GCC_WARN_UNINITIALIZED_AUTOS = YES_AGGRESSIVE;
				GCC_WARN_UNUSED_FUNCTION = YES;
				GCC_WARN_UNUSED_VARIABLE = YES;
				IPHONEOS_DEPLOYMENT_TARGET = 9.3;
				MTL_ENABLE_DEBUG_INFO = YES;
				ONLY_ACTIVE_ARCH = YES;
				SDKROOT = iphoneos;
				SWIFT_OPTIMIZATION_LEVEL = "-Onone";
			};
			name = Debug;
		};
		805BB1421CF5ABD300E629BF /* Release */ = {
			isa = XCBuildConfiguration;
			buildSettings = {
				ALWAYS_SEARCH_USER_PATHS = NO;
				CLANG_ANALYZER_NONNULL = YES;
				CLANG_CXX_LANGUAGE_STANDARD = "gnu++0x";
				CLANG_CXX_LIBRARY = "libc++";
				CLANG_ENABLE_MODULES = YES;
				CLANG_ENABLE_OBJC_ARC = YES;
				CLANG_WARN_BOOL_CONVERSION = YES;
				CLANG_WARN_CONSTANT_CONVERSION = YES;
				CLANG_WARN_DIRECT_OBJC_ISA_USAGE = YES_ERROR;
				CLANG_WARN_EMPTY_BODY = YES;
				CLANG_WARN_ENUM_CONVERSION = YES;
				CLANG_WARN_INT_CONVERSION = YES;
				CLANG_WARN_OBJC_ROOT_CLASS = YES_ERROR;
				CLANG_WARN_UNREACHABLE_CODE = YES;
				CLANG_WARN__DUPLICATE_METHOD_MATCH = YES;
				"CODE_SIGN_IDENTITY[sdk=iphoneos*]" = "iPhone Developer";
				COPY_PHASE_STRIP = NO;
				DEBUG_INFORMATION_FORMAT = "dwarf-with-dsym";
				ENABLE_NS_ASSERTIONS = NO;
				ENABLE_STRICT_OBJC_MSGSEND = YES;
				GCC_C_LANGUAGE_STANDARD = gnu99;
				GCC_NO_COMMON_BLOCKS = YES;
				GCC_WARN_64_TO_32_BIT_CONVERSION = YES;
				GCC_WARN_ABOUT_RETURN_TYPE = YES_ERROR;
				GCC_WARN_UNDECLARED_SELECTOR = YES;
				GCC_WARN_UNINITIALIZED_AUTOS = YES_AGGRESSIVE;
				GCC_WARN_UNUSED_FUNCTION = YES;
				GCC_WARN_UNUSED_VARIABLE = YES;
				IPHONEOS_DEPLOYMENT_TARGET = 9.3;
				MTL_ENABLE_DEBUG_INFO = NO;
				SDKROOT = iphoneos;
				VALIDATE_PRODUCT = YES;
			};
			name = Release;
		};
		805BB1441CF5ABD300E629BF /* Debug */ = {
			isa = XCBuildConfiguration;
			buildSettings = {
				ASSETCATALOG_COMPILER_APPICON_NAME = AppIcon;
				INFOPLIST_FILE = Shopping/Info.plist;
				LD_RUNPATH_SEARCH_PATHS = "$(inherited) @executable_path/Frameworks";
				PRODUCT_BUNDLE_IDENTIFIER = com.eagleH.Shopping;
				PRODUCT_NAME = "$(TARGET_NAME)";
			};
			name = Debug;
		};
		805BB1451CF5ABD300E629BF /* Release */ = {
			isa = XCBuildConfiguration;
			buildSettings = {
				ASSETCATALOG_COMPILER_APPICON_NAME = AppIcon;
				INFOPLIST_FILE = Shopping/Info.plist;
				LD_RUNPATH_SEARCH_PATHS = "$(inherited) @executable_path/Frameworks";
				PRODUCT_BUNDLE_IDENTIFIER = com.eagleH.Shopping;
				PRODUCT_NAME = "$(TARGET_NAME)";
			};
			name = Release;
		};
/* End XCBuildConfiguration section */

/* Begin XCConfigurationList section */
		805BB12C1CF5ABD200E629BF /* Build configuration list for PBXProject "Shopping" */ = {
			isa = XCConfigurationList;
			buildConfigurations = (
				805BB1411CF5ABD300E629BF /* Debug */,
				805BB1421CF5ABD300E629BF /* Release */,
			);
			defaultConfigurationIsVisible = 0;
			defaultConfigurationName = Release;
		};
		805BB1431CF5ABD300E629BF /* Build configuration list for PBXNativeTarget "Shopping" */ = {
			isa = XCConfigurationList;
			buildConfigurations = (
				805BB1441CF5ABD300E629BF /* Debug */,
				805BB1451CF5ABD300E629BF /* Release */,
			);
			defaultConfigurationIsVisible = 0;
		};
/* End XCConfigurationList section */
	};
	rootObject = 805BB1291CF5ABD200E629BF /* Project object */;
}
